
Microsoft Visual Studio Solution File, Format Version 12.00
# Visual Studio Version 17
VisualStudioVersion = 17.4.33122.133
MinimumVisualStudioVersion = 10.0.40219.1
Project("{2150E333-8FDC-42A3-9474-1A3956D46DE8}") = "01 - OOP", "01 - OOP", "{BA4404C1-EE62-45D6-B4B1-F90E76DF2658}"
EndProject
Project("{FAE04EC0-301F-11D3-BF4B-00C04F79EFBC}") = "OOP", "OOP\OOP.csproj", "{679EBBDF-3098-4522-859C-2DA26975B905}"
EndProject
Global
	GlobalSection(SolutionConfigurationPlatforms) = preSolution
		Debug|Any CPU = Debug|Any CPU
		Release|Any CPU = Release|Any CPU
	EndGlobalSection
	GlobalSection(ProjectConfigurationPlatforms) = postSolution
		{679EBBDF-3098-4522-859C-2DA26975B905}.Debug|Any CPU.ActiveCfg = Debug|Any CPU
		{679EBBDF-3098-4522-859C-2DA26975B905}.Debug|Any CPU.Build.0 = Debug|Any CPU
		{679EBBDF-3098-4522-859C-2DA26975B905}.Release|Any CPU.ActiveCfg = Release|Any CPU
		{679EBBDF-3098-4522-859C-2DA26975B905}.Release|Any CPU.Build.0 = Release|Any CPU
	EndGlobalSection
	GlobalSection(SolutionProperties) = preSolution
		HideSolutionNode = FALSE
	EndGlobalSection
	GlobalSection(NestedProjects) = preSolution
		{679EBBDF-3098-4522-859C-2DA26975B905} = {BA4404C1-EE62-45D6-B4B1-F90E76DF2658}
	EndGlobalSection
	GlobalSection(ExtensibilityGlobals) = postSolution
		SolutionGuid = {C06DABBB-ACD5-45F4-A2E5-C53926ED866A}
	EndGlobalSection
EndGlobal
